
Microsoft Visual Studio Solution File, Format Version 12.00
# Visual Studio Version 16
VisualStudioVersion = 16.0.29728.190
MinimumVisualStudioVersion = 10.0.40219.1
Project("{FAE04EC0-301F-11D3-BF4B-00C04F79EFBC}") = "WindowsFormsApp1", "WindowsFormsApp1\WindowsFormsApp1.csproj", "{F34B56E6-0105-4370-9223-ECE225FEE204}"
EndProject
Global
	GlobalSection(SolutionConfigurationPlatforms) = preSolution
		Debug|Any CPU = Debug|Any CPU
		Release|Any CPU = Release|Any CPU
	EndGlobalSection
	GlobalSection(ProjectConfigurationPlatforms) = postSolution
		{F34B56E6-0105-4370-9223-ECE225FEE204}.Debug|Any CPU.ActiveCfg = Debug|Any CPU
		{F34B56E6-0105-4370-9223-ECE225FEE204}.Debug|Any CPU.Build.0 = Debug|Any CPU
		{F34B56E6-0105-4370-9223-ECE225FEE204}.Release|Any CPU.ActiveCfg = Release|Any CPU
		{F34B56E6-0105-4370-9223-ECE225FEE204}.Release|Any CPU.Build.0 = Release|Any CPU
	EndGlobalSection
	GlobalSection(SolutionProperties) = preSolution
		HideSolutionNode = FALSE
	EndGlobalSection
	GlobalSection(ExtensibilityGlobals) = postSolution
		SolutionGuid = {713399D8-21E8-4D5B-ADB7-C6BA0AFA0E4C}
	EndGlobalSection
EndGlobal
